{
  "name": "@abilium_gmbh/cordova-plugin-telerik-imagepicker-abilium",
  "version": "2.3.7",
  "lockfileVersion": 2,
  "requires": true,
  "packages": {
    "": {
      "name": "@abilium_gmbh/cordova-plugin-telerik-imagepicker-abilium",
      "version": "2.3.7",
      "license": "MIT",
      "engines": {
        "name": "cordova",
        "version": ">=3.5.0"
      }
    }
  }
}
